
Microsoft Visual Studio Solution File, Format Version 12.00
# Visual Studio Version 17
VisualStudioVersion = 17.14.36221.1 d17.14
MinimumVisualStudioVersion = 10.0.40219.1
Project("{FAE04EC0-301F-11D3-BF4B-00C04F79EFBC}") = "SW BF2 PS4 Profile Editor", "SW BF2 PS4 Profile Editor.csproj", "{E8FF7399-B621-45B7-9A06-925D4B31EC22}"
EndProject
Global
	GlobalSection(SolutionConfigurationPlatforms) = preSolution
		Debug|Any CPU = Debug|Any CPU
		Release|Any CPU = Release|Any CPU
	EndGlobalSection
	GlobalSection(ProjectConfigurationPlatforms) = postSolution
		{E8FF7399-B621-45B7-9A06-925D4B31EC22}.Debug|Any CPU.ActiveCfg = Debug|Any CPU
		{E8FF7399-B621-45B7-9A06-925D4B31EC22}.Debug|Any CPU.Build.0 = Debug|Any CPU
		{E8FF7399-B621-45B7-9A06-925D4B31EC22}.Release|Any CPU.ActiveCfg = Release|Any CPU
		{E8FF7399-B621-45B7-9A06-925D4B31EC22}.Release|Any CPU.Build.0 = Release|Any CPU
	EndGlobalSection
	GlobalSection(SolutionProperties) = preSolution
		HideSolutionNode = FALSE
	EndGlobalSection
	GlobalSection(ExtensibilityGlobals) = postSolution
		SolutionGuid = {9A50FDD4-6060-451D-AE7E-142835089D54}
	EndGlobalSection
EndGlobal
